
Microsoft Visual Studio Solution File, Format Version 12.00
# Visual Studio Version 16
VisualStudioVersion = 16.0.32901.82
MinimumVisualStudioVersion = 10.0.40219.1
Project("{8BC9CEB8-8B4A-11D0-8D11-00A0C91BC942}") = "20220922_kdh_tast3", "20220922_kdh_tast3\20220922_kdh_tast3.vcxproj", "{C364EEC0-FF9C-4D76-B9DB-30FF1B7EABE5}"
EndProject
Global
	GlobalSection(SolutionConfigurationPlatforms) = preSolution
		Debug|x64 = Debug|x64
		Debug|x86 = Debug|x86
		Release|x64 = Release|x64
		Release|x86 = Release|x86
	EndGlobalSection
	GlobalSection(ProjectConfigurationPlatforms) = postSolution
		{C364EEC0-FF9C-4D76-B9DB-30FF1B7EABE5}.Debug|x64.ActiveCfg = Debug|x64
		{C364EEC0-FF9C-4D76-B9DB-30FF1B7EABE5}.Debug|x64.Build.0 = Debug|x64
		{C364EEC0-FF9C-4D76-B9DB-30FF1B7EABE5}.Debug|x86.ActiveCfg = Debug|Win32
		{C364EEC0-FF9C-4D76-B9DB-30FF1B7EABE5}.Debug|x86.Build.0 = Debug|Win32
		{C364EEC0-FF9C-4D76-B9DB-30FF1B7EABE5}.Release|x64.ActiveCfg = Release|x64
		{C364EEC0-FF9C-4D76-B9DB-30FF1B7EABE5}.Release|x64.Build.0 = Release|x64
		{C364EEC0-FF9C-4D76-B9DB-30FF1B7EABE5}.Release|x86.ActiveCfg = Release|Win32
		{C364EEC0-FF9C-4D76-B9DB-30FF1B7EABE5}.Release|x86.Build.0 = Release|Win32
	EndGlobalSection
	GlobalSection(SolutionProperties) = preSolution
		HideSolutionNode = FALSE
	EndGlobalSection
	GlobalSection(ExtensibilityGlobals) = postSolution
		SolutionGuid = {7DEF0BC9-A9E6-4447-81E0-F2473C600180}
	EndGlobalSection
EndGlobal
