
Microsoft Visual Studio Solution File, Format Version 12.00
# Visual Studio Version 16
VisualStudioVersion = 16.0.33027.164
MinimumVisualStudioVersion = 10.0.40219.1
Project("{8BC9CEB8-8B4A-11D0-8D11-00A0C91BC942}") = "20221201_kdh_test1", "20221201_kdh_test1\20221201_kdh_test1.vcxproj", "{88E81E73-B9F7-4178-B82D-23B3394CECDB}"
EndProject
Global
	GlobalSection(SolutionConfigurationPlatforms) = preSolution
		Debug|x64 = Debug|x64
		Debug|x86 = Debug|x86
		Release|x64 = Release|x64
		Release|x86 = Release|x86
	EndGlobalSection
	GlobalSection(ProjectConfigurationPlatforms) = postSolution
		{88E81E73-B9F7-4178-B82D-23B3394CECDB}.Debug|x64.ActiveCfg = Debug|x64
		{88E81E73-B9F7-4178-B82D-23B3394CECDB}.Debug|x64.Build.0 = Debug|x64
		{88E81E73-B9F7-4178-B82D-23B3394CECDB}.Debug|x86.ActiveCfg = Debug|Win32
		{88E81E73-B9F7-4178-B82D-23B3394CECDB}.Debug|x86.Build.0 = Debug|Win32
		{88E81E73-B9F7-4178-B82D-23B3394CECDB}.Release|x64.ActiveCfg = Release|x64
		{88E81E73-B9F7-4178-B82D-23B3394CECDB}.Release|x64.Build.0 = Release|x64
		{88E81E73-B9F7-4178-B82D-23B3394CECDB}.Release|x86.ActiveCfg = Release|Win32
		{88E81E73-B9F7-4178-B82D-23B3394CECDB}.Release|x86.Build.0 = Release|Win32
	EndGlobalSection
	GlobalSection(SolutionProperties) = preSolution
		HideSolutionNode = FALSE
	EndGlobalSection
	GlobalSection(ExtensibilityGlobals) = postSolution
		SolutionGuid = {E9CF4393-A8DC-400C-848C-FB0888D1C068}
	EndGlobalSection
EndGlobal
